
Microsoft Visual Studio Solution File, Format Version 12.00
# Visual Studio Version 17
VisualStudioVersion = 17.4.33213.308
MinimumVisualStudioVersion = 10.0.40219.1
Project("{2150E333-8FDC-42A3-9474-1A3956D46DE8}") = "Presentation", "Presentation", "{C8192814-5E44-4311-BA4C-DCF8DE32BEA3}"
EndProject
Project("{2150E333-8FDC-42A3-9474-1A3956D46DE8}") = "Repositories", "Repositories", "{A4F4514D-5966-4247-B135-43F0389B3E73}"
EndProject
Project("{2150E333-8FDC-42A3-9474-1A3956D46DE8}") = "BusinessServices", "BusinessServices", "{CD941E58-8F13-4371-8711-63FCC71333FF}"
EndProject
Project("{2150E333-8FDC-42A3-9474-1A3956D46DE8}") = "Infrastructure", "Infrastructure", "{C968FEB9-1B6D-4EB4-B294-B8412EB16022}"
EndProject
Project("{9A19103F-16F7-4668-BE54-9A1E7A4F7556}") = "SM.Data", "Repositories\SM.Data\SM.Data.csproj", "{1489F577-7235-4541-A5CE-D755C02F65D1}"
EndProject
Project("{9A19103F-16F7-4668-BE54-9A1E7A4F7556}") = "SM.WebApp", "Presentation\SM.WebApp\SM.WebApp.csproj", "{FE4A11E2-BF00-4846-8F9B-C2B2E32E9C1B}"
EndProject
Project("{FAE04EC0-301F-11D3-BF4B-00C04F79EFBC}") = "SM.Data.Models", "Repositories\SM.Data.Models\SM.Data.Models.csproj", "{D56DC736-DE50-42A5-B018-70A067C3AB2A}"
EndProject
Project("{FAE04EC0-301F-11D3-BF4B-00C04F79EFBC}") = "SM.Business.Models", "BusinessServices\SM.Business.Models\SM.Business.Models.csproj", "{FDAEA61E-0AB4-4456-9D10-7972EDA822FA}"
EndProject
Project("{FAE04EC0-301F-11D3-BF4B-00C04F79EFBC}") = "SM.Business.DataServices", "BusinessServices\SM.Business.DataServices\SM.Business.DataServices.csproj", "{E9A45819-13C9-4C09-8ADC-E06AD85367CB}"
EndProject
Global
	GlobalSection(SolutionConfigurationPlatforms) = preSolution
		Debug|Any CPU = Debug|Any CPU
		Release|Any CPU = Release|Any CPU
	EndGlobalSection
	GlobalSection(ProjectConfigurationPlatforms) = postSolution
		{1489F577-7235-4541-A5CE-D755C02F65D1}.Debug|Any CPU.ActiveCfg = Debug|Any CPU
		{1489F577-7235-4541-A5CE-D755C02F65D1}.Debug|Any CPU.Build.0 = Debug|Any CPU
		{1489F577-7235-4541-A5CE-D755C02F65D1}.Release|Any CPU.ActiveCfg = Release|Any CPU
		{1489F577-7235-4541-A5CE-D755C02F65D1}.Release|Any CPU.Build.0 = Release|Any CPU
		{FE4A11E2-BF00-4846-8F9B-C2B2E32E9C1B}.Debug|Any CPU.ActiveCfg = Debug|Any CPU
		{FE4A11E2-BF00-4846-8F9B-C2B2E32E9C1B}.Debug|Any CPU.Build.0 = Debug|Any CPU
		{FE4A11E2-BF00-4846-8F9B-C2B2E32E9C1B}.Release|Any CPU.ActiveCfg = Release|Any CPU
		{FE4A11E2-BF00-4846-8F9B-C2B2E32E9C1B}.Release|Any CPU.Build.0 = Release|Any CPU
		{D56DC736-DE50-42A5-B018-70A067C3AB2A}.Debug|Any CPU.ActiveCfg = Debug|Any CPU
		{D56DC736-DE50-42A5-B018-70A067C3AB2A}.Debug|Any CPU.Build.0 = Debug|Any CPU
		{D56DC736-DE50-42A5-B018-70A067C3AB2A}.Release|Any CPU.ActiveCfg = Release|Any CPU
		{D56DC736-DE50-42A5-B018-70A067C3AB2A}.Release|Any CPU.Build.0 = Release|Any CPU
		{FDAEA61E-0AB4-4456-9D10-7972EDA822FA}.Debug|Any CPU.ActiveCfg = Debug|Any CPU
		{FDAEA61E-0AB4-4456-9D10-7972EDA822FA}.Debug|Any CPU.Build.0 = Debug|Any CPU
		{FDAEA61E-0AB4-4456-9D10-7972EDA822FA}.Release|Any CPU.ActiveCfg = Release|Any CPU
		{FDAEA61E-0AB4-4456-9D10-7972EDA822FA}.Release|Any CPU.Build.0 = Release|Any CPU
		{E9A45819-13C9-4C09-8ADC-E06AD85367CB}.Debug|Any CPU.ActiveCfg = Debug|Any CPU
		{E9A45819-13C9-4C09-8ADC-E06AD85367CB}.Debug|Any CPU.Build.0 = Debug|Any CPU
		{E9A45819-13C9-4C09-8ADC-E06AD85367CB}.Release|Any CPU.ActiveCfg = Release|Any CPU
		{E9A45819-13C9-4C09-8ADC-E06AD85367CB}.Release|Any CPU.Build.0 = Release|Any CPU
	EndGlobalSection
	GlobalSection(SolutionProperties) = preSolution
		HideSolutionNode = FALSE
	EndGlobalSection
	GlobalSection(NestedProjects) = preSolution
		{1489F577-7235-4541-A5CE-D755C02F65D1} = {A4F4514D-5966-4247-B135-43F0389B3E73}
		{FE4A11E2-BF00-4846-8F9B-C2B2E32E9C1B} = {C8192814-5E44-4311-BA4C-DCF8DE32BEA3}
		{D56DC736-DE50-42A5-B018-70A067C3AB2A} = {A4F4514D-5966-4247-B135-43F0389B3E73}
		{FDAEA61E-0AB4-4456-9D10-7972EDA822FA} = {CD941E58-8F13-4371-8711-63FCC71333FF}
		{E9A45819-13C9-4C09-8ADC-E06AD85367CB} = {CD941E58-8F13-4371-8711-63FCC71333FF}
	EndGlobalSection
	GlobalSection(ExtensibilityGlobals) = postSolution
		SolutionGuid = {AB59A742-7A7B-467D-A25A-4509AA33D29E}
	EndGlobalSection
EndGlobal
