
Microsoft Visual Studio Solution File, Format Version 12.00
# Visual Studio Version 17
VisualStudioVersion = 17.4.33213.308
MinimumVisualStudioVersion = 10.0.40219.1
Project("{FAE04EC0-301F-11D3-BF4B-00C04F79EFBC}") = "SM.WebApp", "SM.WebApp\SM.WebApp.csproj", "{2441CB1D-144F-49CD-9961-30BC933E4C70}"
EndProject
Global
	GlobalSection(SolutionConfigurationPlatforms) = preSolution
		Debug|Any CPU = Debug|Any CPU
		Release|Any CPU = Release|Any CPU
	EndGlobalSection
	GlobalSection(ProjectConfigurationPlatforms) = postSolution
		{2441CB1D-144F-49CD-9961-30BC933E4C70}.Debug|Any CPU.ActiveCfg = Debug|Any CPU
		{2441CB1D-144F-49CD-9961-30BC933E4C70}.Debug|Any CPU.Build.0 = Debug|Any CPU
		{2441CB1D-144F-49CD-9961-30BC933E4C70}.Release|Any CPU.ActiveCfg = Release|Any CPU
		{2441CB1D-144F-49CD-9961-30BC933E4C70}.Release|Any CPU.Build.0 = Release|Any CPU
	EndGlobalSection
	GlobalSection(SolutionProperties) = preSolution
		HideSolutionNode = FALSE
	EndGlobalSection
	GlobalSection(ExtensibilityGlobals) = postSolution
		SolutionGuid = {AB59A742-7A7B-467D-A25A-4509AA33D29E}
	EndGlobalSection
EndGlobal
